
Microsoft Visual Studio Solution File, Format Version 12.00
# Visual Studio Version 17
VisualStudioVersion = 17.14.36518.9 d17.14
MinimumVisualStudioVersion = 10.0.40219.1
Project("{FAE04EC0-301F-11D3-BF4B-00C04F79EFBC}") = "APIForDocker", "APIForDocker.csproj", "{109BA95F-2DF1-4536-ACD7-A313F8F07FC8}"
EndProject
Global
	GlobalSection(SolutionConfigurationPlatforms) = preSolution
		Debug|Any CPU = Debug|Any CPU
		Release|Any CPU = Release|Any CPU
	EndGlobalSection
	GlobalSection(ProjectConfigurationPlatforms) = postSolution
		{109BA95F-2DF1-4536-ACD7-A313F8F07FC8}.Debug|Any CPU.ActiveCfg = Debug|Any CPU
		{109BA95F-2DF1-4536-ACD7-A313F8F07FC8}.Debug|Any CPU.Build.0 = Debug|Any CPU
		{109BA95F-2DF1-4536-ACD7-A313F8F07FC8}.Release|Any CPU.ActiveCfg = Release|Any CPU
		{109BA95F-2DF1-4536-ACD7-A313F8F07FC8}.Release|Any CPU.Build.0 = Release|Any CPU
	EndGlobalSection
	GlobalSection(SolutionProperties) = preSolution
		HideSolutionNode = FALSE
	EndGlobalSection
	GlobalSection(ExtensibilityGlobals) = postSolution
		SolutionGuid = {E09AD0D3-5E3B-4F28-882A-8928CD1F755C}
	EndGlobalSection
EndGlobal
